
Microsoft Visual Studio Solution File, Format Version 12.00
# Visual Studio Version 16
VisualStudioVersion = 16.0.29521.150
MinimumVisualStudioVersion = 10.0.40219.1
Project("{9A19103F-16F7-4668-BE54-9A1E7A4F7556}") = "GrpcServer", "GrpcServer\GrpcServer.csproj", "{FAD7B59C-33CB-40F5-AD3F-FB7B569F5618}"
EndProject
Project("{9A19103F-16F7-4668-BE54-9A1E7A4F7556}") = "DataStorage", "DataStorage\DataStorage.csproj", "{975AC15E-2BD3-4492-9FA1-F0E5524D7FA9}"
EndProject
Global
	GlobalSection(SolutionConfigurationPlatforms) = preSolution
		Debug|Any CPU = Debug|Any CPU
		Release|Any CPU = Release|Any CPU
	EndGlobalSection
	GlobalSection(ProjectConfigurationPlatforms) = postSolution
		{FAD7B59C-33CB-40F5-AD3F-FB7B569F5618}.Debug|Any CPU.ActiveCfg = Debug|Any CPU
		{FAD7B59C-33CB-40F5-AD3F-FB7B569F5618}.Debug|Any CPU.Build.0 = Debug|Any CPU
		{FAD7B59C-33CB-40F5-AD3F-FB7B569F5618}.Release|Any CPU.ActiveCfg = Release|Any CPU
		{FAD7B59C-33CB-40F5-AD3F-FB7B569F5618}.Release|Any CPU.Build.0 = Release|Any CPU
		{975AC15E-2BD3-4492-9FA1-F0E5524D7FA9}.Debug|Any CPU.ActiveCfg = Debug|Any CPU
		{975AC15E-2BD3-4492-9FA1-F0E5524D7FA9}.Debug|Any CPU.Build.0 = Debug|Any CPU
		{975AC15E-2BD3-4492-9FA1-F0E5524D7FA9}.Release|Any CPU.ActiveCfg = Release|Any CPU
		{975AC15E-2BD3-4492-9FA1-F0E5524D7FA9}.Release|Any CPU.Build.0 = Release|Any CPU
	EndGlobalSection
	GlobalSection(SolutionProperties) = preSolution
		HideSolutionNode = FALSE
	EndGlobalSection
	GlobalSection(ExtensibilityGlobals) = postSolution
		SolutionGuid = {D2F51C0C-51DB-4A87-ACA6-CCAA4BC31701}
	EndGlobalSection
EndGlobal
