
Microsoft Visual Studio Solution File, Format Version 12.00
# Visual Studio Version 16
VisualStudioVersion = 16.0.29521.150
MinimumVisualStudioVersion = 10.0.40219.1
Project("{9A19103F-16F7-4668-BE54-9A1E7A4F7556}") = "GrpcServer", "GrpcServer\GrpcServer.csproj", "{FAD7B59C-33CB-40F5-AD3F-FB7B569F5618}"
EndProject
Project("{9A19103F-16F7-4668-BE54-9A1E7A4F7556}") = "DataStorage", "DataStorage\DataStorage.csproj", "{975AC15E-2BD3-4492-9FA1-F0E5524D7FA9}"
EndProject
Project("{9A19103F-16F7-4668-BE54-9A1E7A4F7556}") = "GrpcTestClient", "GrpcTestClient\GrpcTestClient.csproj", "{F38F1F17-1A52-4EF6-A610-A3DD7BF20296}"
EndProject
Project("{9A19103F-16F7-4668-BE54-9A1E7A4F7556}") = "IdentityServer", "IdentityServer\IdentityServer.csproj", "{2D986FE0-EE25-407A-BBD1-A1478A9F8C73}"
EndProject
Project("{FAE04EC0-301F-11D3-BF4B-00C04F79EFBC}") = "AuthTestApp.Android", "AuthTestApp\AuthTestApp.Android\AuthTestApp.Android.csproj", "{D29F2EF7-79FB-4130-B654-3E706A2196E0}"
EndProject
Project("{FAE04EC0-301F-11D3-BF4B-00C04F79EFBC}") = "AuthTestApp.iOS", "AuthTestApp\AuthTestApp.iOS\AuthTestApp.iOS.csproj", "{86493D70-9926-4A01-924D-78FB82268BA7}"
EndProject
Project("{FAE04EC0-301F-11D3-BF4B-00C04F79EFBC}") = "AuthTestApp", "AuthTestApp\AuthTestApp\AuthTestApp.csproj", "{F8BE2EBF-066B-44FD-864D-0AD3A2F2124B}"
EndProject
Global
	GlobalSection(SolutionConfigurationPlatforms) = preSolution
		Debug|Any CPU = Debug|Any CPU
		Debug|iPhone = Debug|iPhone
		Debug|iPhoneSimulator = Debug|iPhoneSimulator
		Release|Any CPU = Release|Any CPU
		Release|iPhone = Release|iPhone
		Release|iPhoneSimulator = Release|iPhoneSimulator
	EndGlobalSection
	GlobalSection(ProjectConfigurationPlatforms) = postSolution
		{FAD7B59C-33CB-40F5-AD3F-FB7B569F5618}.Debug|Any CPU.ActiveCfg = Debug|Any CPU
		{FAD7B59C-33CB-40F5-AD3F-FB7B569F5618}.Debug|Any CPU.Build.0 = Debug|Any CPU
		{FAD7B59C-33CB-40F5-AD3F-FB7B569F5618}.Debug|iPhone.ActiveCfg = Debug|Any CPU
		{FAD7B59C-33CB-40F5-AD3F-FB7B569F5618}.Debug|iPhone.Build.0 = Debug|Any CPU
		{FAD7B59C-33CB-40F5-AD3F-FB7B569F5618}.Debug|iPhoneSimulator.ActiveCfg = Debug|Any CPU
		{FAD7B59C-33CB-40F5-AD3F-FB7B569F5618}.Debug|iPhoneSimulator.Build.0 = Debug|Any CPU
		{FAD7B59C-33CB-40F5-AD3F-FB7B569F5618}.Release|Any CPU.ActiveCfg = Release|Any CPU
		{FAD7B59C-33CB-40F5-AD3F-FB7B569F5618}.Release|Any CPU.Build.0 = Release|Any CPU
		{FAD7B59C-33CB-40F5-AD3F-FB7B569F5618}.Release|iPhone.ActiveCfg = Release|Any CPU
		{FAD7B59C-33CB-40F5-AD3F-FB7B569F5618}.Release|iPhone.Build.0 = Release|Any CPU
		{FAD7B59C-33CB-40F5-AD3F-FB7B569F5618}.Release|iPhoneSimulator.ActiveCfg = Release|Any CPU
		{FAD7B59C-33CB-40F5-AD3F-FB7B569F5618}.Release|iPhoneSimulator.Build.0 = Release|Any CPU
		{975AC15E-2BD3-4492-9FA1-F0E5524D7FA9}.Debug|Any CPU.ActiveCfg = Debug|Any CPU
		{975AC15E-2BD3-4492-9FA1-F0E5524D7FA9}.Debug|Any CPU.Build.0 = Debug|Any CPU
		{975AC15E-2BD3-4492-9FA1-F0E5524D7FA9}.Debug|iPhone.ActiveCfg = Debug|Any CPU
		{975AC15E-2BD3-4492-9FA1-F0E5524D7FA9}.Debug|iPhone.Build.0 = Debug|Any CPU
		{975AC15E-2BD3-4492-9FA1-F0E5524D7FA9}.Debug|iPhoneSimulator.ActiveCfg = Debug|Any CPU
		{975AC15E-2BD3-4492-9FA1-F0E5524D7FA9}.Debug|iPhoneSimulator.Build.0 = Debug|Any CPU
		{975AC15E-2BD3-4492-9FA1-F0E5524D7FA9}.Release|Any CPU.ActiveCfg = Release|Any CPU
		{975AC15E-2BD3-4492-9FA1-F0E5524D7FA9}.Release|Any CPU.Build.0 = Release|Any CPU
		{975AC15E-2BD3-4492-9FA1-F0E5524D7FA9}.Release|iPhone.ActiveCfg = Release|Any CPU
		{975AC15E-2BD3-4492-9FA1-F0E5524D7FA9}.Release|iPhone.Build.0 = Release|Any CPU
		{975AC15E-2BD3-4492-9FA1-F0E5524D7FA9}.Release|iPhoneSimulator.ActiveCfg = Release|Any CPU
		{975AC15E-2BD3-4492-9FA1-F0E5524D7FA9}.Release|iPhoneSimulator.Build.0 = Release|Any CPU
		{F38F1F17-1A52-4EF6-A610-A3DD7BF20296}.Debug|Any CPU.ActiveCfg = Debug|Any CPU
		{F38F1F17-1A52-4EF6-A610-A3DD7BF20296}.Debug|Any CPU.Build.0 = Debug|Any CPU
		{F38F1F17-1A52-4EF6-A610-A3DD7BF20296}.Debug|iPhone.ActiveCfg = Debug|Any CPU
		{F38F1F17-1A52-4EF6-A610-A3DD7BF20296}.Debug|iPhone.Build.0 = Debug|Any CPU
		{F38F1F17-1A52-4EF6-A610-A3DD7BF20296}.Debug|iPhoneSimulator.ActiveCfg = Debug|Any CPU
		{F38F1F17-1A52-4EF6-A610-A3DD7BF20296}.Debug|iPhoneSimulator.Build.0 = Debug|Any CPU
		{F38F1F17-1A52-4EF6-A610-A3DD7BF20296}.Release|Any CPU.ActiveCfg = Release|Any CPU
		{F38F1F17-1A52-4EF6-A610-A3DD7BF20296}.Release|Any CPU.Build.0 = Release|Any CPU
		{F38F1F17-1A52-4EF6-A610-A3DD7BF20296}.Release|iPhone.ActiveCfg = Release|Any CPU
		{F38F1F17-1A52-4EF6-A610-A3DD7BF20296}.Release|iPhone.Build.0 = Release|Any CPU
		{F38F1F17-1A52-4EF6-A610-A3DD7BF20296}.Release|iPhoneSimulator.ActiveCfg = Release|Any CPU
		{F38F1F17-1A52-4EF6-A610-A3DD7BF20296}.Release|iPhoneSimulator.Build.0 = Release|Any CPU
		{2D986FE0-EE25-407A-BBD1-A1478A9F8C73}.Debug|Any CPU.ActiveCfg = Debug|Any CPU
		{2D986FE0-EE25-407A-BBD1-A1478A9F8C73}.Debug|Any CPU.Build.0 = Debug|Any CPU
		{2D986FE0-EE25-407A-BBD1-A1478A9F8C73}.Debug|iPhone.ActiveCfg = Debug|Any CPU
		{2D986FE0-EE25-407A-BBD1-A1478A9F8C73}.Debug|iPhone.Build.0 = Debug|Any CPU
		{2D986FE0-EE25-407A-BBD1-A1478A9F8C73}.Debug|iPhoneSimulator.ActiveCfg = Debug|Any CPU
		{2D986FE0-EE25-407A-BBD1-A1478A9F8C73}.Debug|iPhoneSimulator.Build.0 = Debug|Any CPU
		{2D986FE0-EE25-407A-BBD1-A1478A9F8C73}.Release|Any CPU.ActiveCfg = Release|Any CPU
		{2D986FE0-EE25-407A-BBD1-A1478A9F8C73}.Release|Any CPU.Build.0 = Release|Any CPU
		{2D986FE0-EE25-407A-BBD1-A1478A9F8C73}.Release|iPhone.ActiveCfg = Release|Any CPU
		{2D986FE0-EE25-407A-BBD1-A1478A9F8C73}.Release|iPhone.Build.0 = Release|Any CPU
		{2D986FE0-EE25-407A-BBD1-A1478A9F8C73}.Release|iPhoneSimulator.ActiveCfg = Release|Any CPU
		{2D986FE0-EE25-407A-BBD1-A1478A9F8C73}.Release|iPhoneSimulator.Build.0 = Release|Any CPU
		{D29F2EF7-79FB-4130-B654-3E706A2196E0}.Debug|Any CPU.ActiveCfg = Debug|Any CPU
		{D29F2EF7-79FB-4130-B654-3E706A2196E0}.Debug|Any CPU.Build.0 = Debug|Any CPU
		{D29F2EF7-79FB-4130-B654-3E706A2196E0}.Debug|Any CPU.Deploy.0 = Debug|Any CPU
		{D29F2EF7-79FB-4130-B654-3E706A2196E0}.Debug|iPhone.ActiveCfg = Debug|Any CPU
		{D29F2EF7-79FB-4130-B654-3E706A2196E0}.Debug|iPhone.Build.0 = Debug|Any CPU
		{D29F2EF7-79FB-4130-B654-3E706A2196E0}.Debug|iPhone.Deploy.0 = Debug|Any CPU
		{D29F2EF7-79FB-4130-B654-3E706A2196E0}.Debug|iPhoneSimulator.ActiveCfg = Debug|Any CPU
		{D29F2EF7-79FB-4130-B654-3E706A2196E0}.Debug|iPhoneSimulator.Build.0 = Debug|Any CPU
		{D29F2EF7-79FB-4130-B654-3E706A2196E0}.Debug|iPhoneSimulator.Deploy.0 = Debug|Any CPU
		{D29F2EF7-79FB-4130-B654-3E706A2196E0}.Release|Any CPU.ActiveCfg = Release|Any CPU
		{D29F2EF7-79FB-4130-B654-3E706A2196E0}.Release|Any CPU.Build.0 = Release|Any CPU
		{D29F2EF7-79FB-4130-B654-3E706A2196E0}.Release|Any CPU.Deploy.0 = Release|Any CPU
		{D29F2EF7-79FB-4130-B654-3E706A2196E0}.Release|iPhone.ActiveCfg = Release|Any CPU
		{D29F2EF7-79FB-4130-B654-3E706A2196E0}.Release|iPhone.Build.0 = Release|Any CPU
		{D29F2EF7-79FB-4130-B654-3E706A2196E0}.Release|iPhone.Deploy.0 = Release|Any CPU
		{D29F2EF7-79FB-4130-B654-3E706A2196E0}.Release|iPhoneSimulator.ActiveCfg = Release|Any CPU
		{D29F2EF7-79FB-4130-B654-3E706A2196E0}.Release|iPhoneSimulator.Build.0 = Release|Any CPU
		{D29F2EF7-79FB-4130-B654-3E706A2196E0}.Release|iPhoneSimulator.Deploy.0 = Release|Any CPU
		{86493D70-9926-4A01-924D-78FB82268BA7}.Debug|Any CPU.ActiveCfg = Debug|iPhone
		{86493D70-9926-4A01-924D-78FB82268BA7}.Debug|iPhone.ActiveCfg = Debug|iPhone
		{86493D70-9926-4A01-924D-78FB82268BA7}.Debug|iPhone.Build.0 = Debug|iPhone
		{86493D70-9926-4A01-924D-78FB82268BA7}.Debug|iPhoneSimulator.ActiveCfg = Debug|iPhoneSimulator
		{86493D70-9926-4A01-924D-78FB82268BA7}.Debug|iPhoneSimulator.Build.0 = Debug|iPhoneSimulator
		{86493D70-9926-4A01-924D-78FB82268BA7}.Release|Any CPU.ActiveCfg = Release|iPhone
		{86493D70-9926-4A01-924D-78FB82268BA7}.Release|iPhone.ActiveCfg = Release|iPhone
		{86493D70-9926-4A01-924D-78FB82268BA7}.Release|iPhone.Build.0 = Release|iPhone
		{86493D70-9926-4A01-924D-78FB82268BA7}.Release|iPhoneSimulator.ActiveCfg = Release|iPhoneSimulator
		{86493D70-9926-4A01-924D-78FB82268BA7}.Release|iPhoneSimulator.Build.0 = Release|iPhoneSimulator
		{F8BE2EBF-066B-44FD-864D-0AD3A2F2124B}.Debug|Any CPU.ActiveCfg = Debug|Any CPU
		{F8BE2EBF-066B-44FD-864D-0AD3A2F2124B}.Debug|Any CPU.Build.0 = Debug|Any CPU
		{F8BE2EBF-066B-44FD-864D-0AD3A2F2124B}.Debug|iPhone.ActiveCfg = Debug|Any CPU
		{F8BE2EBF-066B-44FD-864D-0AD3A2F2124B}.Debug|iPhone.Build.0 = Debug|Any CPU
		{F8BE2EBF-066B-44FD-864D-0AD3A2F2124B}.Debug|iPhoneSimulator.ActiveCfg = Debug|Any CPU
		{F8BE2EBF-066B-44FD-864D-0AD3A2F2124B}.Debug|iPhoneSimulator.Build.0 = Debug|Any CPU
		{F8BE2EBF-066B-44FD-864D-0AD3A2F2124B}.Release|Any CPU.ActiveCfg = Release|Any CPU
		{F8BE2EBF-066B-44FD-864D-0AD3A2F2124B}.Release|Any CPU.Build.0 = Release|Any CPU
		{F8BE2EBF-066B-44FD-864D-0AD3A2F2124B}.Release|iPhone.ActiveCfg = Release|Any CPU
		{F8BE2EBF-066B-44FD-864D-0AD3A2F2124B}.Release|iPhone.Build.0 = Release|Any CPU
		{F8BE2EBF-066B-44FD-864D-0AD3A2F2124B}.Release|iPhoneSimulator.ActiveCfg = Release|Any CPU
		{F8BE2EBF-066B-44FD-864D-0AD3A2F2124B}.Release|iPhoneSimulator.Build.0 = Release|Any CPU
	EndGlobalSection
	GlobalSection(SolutionProperties) = preSolution
		HideSolutionNode = FALSE
	EndGlobalSection
	GlobalSection(ExtensibilityGlobals) = postSolution
		SolutionGuid = {D2F51C0C-51DB-4A87-ACA6-CCAA4BC31701}
	EndGlobalSection
EndGlobal
